
Microsoft Visual Studio Solution File, Format Version 12.00
# Visual Studio Version 16
VisualStudioVersion = 16.0.30523.141
MinimumVisualStudioVersion = 10.0.40219.1
Project("{FAE04EC0-301F-11D3-BF4B-00C04F79EFBC}") = "Vidly", "Vidly.csproj", "{C87D66E6-E733-4C13-AEEE-CA37DC1301C3}"
EndProject
Global
	GlobalSection(SolutionConfigurationPlatforms) = preSolution
		Debug|Any CPU = Debug|Any CPU
		Release|Any CPU = Release|Any CPU
	EndGlobalSection
	GlobalSection(ProjectConfigurationPlatforms) = postSolution
		{C87D66E6-E733-4C13-AEEE-CA37DC1301C3}.Debug|Any CPU.ActiveCfg = Debug|Any CPU
		{C87D66E6-E733-4C13-AEEE-CA37DC1301C3}.Debug|Any CPU.Build.0 = Debug|Any CPU
		{C87D66E6-E733-4C13-AEEE-CA37DC1301C3}.Release|Any CPU.ActiveCfg = Release|Any CPU
		{C87D66E6-E733-4C13-AEEE-CA37DC1301C3}.Release|Any CPU.Build.0 = Release|Any CPU
	EndGlobalSection
	GlobalSection(SolutionProperties) = preSolution
		HideSolutionNode = FALSE
	EndGlobalSection
	GlobalSection(ExtensibilityGlobals) = postSolution
		SolutionGuid = {123D6DB3-7FF7-4B25-A2C7-7A09899B8D87}
	EndGlobalSection
EndGlobal
